
Microsoft Visual Studio Solution File, Format Version 12.00
# Visual Studio Version 17
VisualStudioVersion = 17.0.31919.166
MinimumVisualStudioVersion = 10.0.40219.1
Project("{9A19103F-16F7-4668-BE54-9A1E7A4F7556}") = "Entra21", "Entra21\Entra21.csproj", "{CBB35C4F-1CBD-46EA-A94A-015A11D7830E}"
EndProject
Project("{FAE04EC0-301F-11D3-BF4B-00C04F79EFBC}") = "Exerciciowhile", "Exerciciowhile\Exerciciowhile.csproj", "{8CDC1872-1E8F-425F-A238-BFB6F89CC6A9}"
EndProject
Global
	GlobalSection(SolutionConfigurationPlatforms) = preSolution
		Debug|Any CPU = Debug|Any CPU
		Release|Any CPU = Release|Any CPU
	EndGlobalSection
	GlobalSection(ProjectConfigurationPlatforms) = postSolution
		{CBB35C4F-1CBD-46EA-A94A-015A11D7830E}.Debug|Any CPU.ActiveCfg = Debug|Any CPU
		{CBB35C4F-1CBD-46EA-A94A-015A11D7830E}.Debug|Any CPU.Build.0 = Debug|Any CPU
		{CBB35C4F-1CBD-46EA-A94A-015A11D7830E}.Release|Any CPU.ActiveCfg = Release|Any CPU
		{CBB35C4F-1CBD-46EA-A94A-015A11D7830E}.Release|Any CPU.Build.0 = Release|Any CPU
		{8CDC1872-1E8F-425F-A238-BFB6F89CC6A9}.Debug|Any CPU.ActiveCfg = Debug|Any CPU
		{8CDC1872-1E8F-425F-A238-BFB6F89CC6A9}.Debug|Any CPU.Build.0 = Debug|Any CPU
		{8CDC1872-1E8F-425F-A238-BFB6F89CC6A9}.Release|Any CPU.ActiveCfg = Release|Any CPU
		{8CDC1872-1E8F-425F-A238-BFB6F89CC6A9}.Release|Any CPU.Build.0 = Release|Any CPU
	EndGlobalSection
	GlobalSection(SolutionProperties) = preSolution
		HideSolutionNode = FALSE
	EndGlobalSection
	GlobalSection(ExtensibilityGlobals) = postSolution
		SolutionGuid = {B271A744-45CE-4B51-88D2-19FB9938D597}
	EndGlobalSection
EndGlobal
