
Microsoft Visual Studio Solution File, Format Version 12.00
# Visual Studio Version 17
VisualStudioVersion = 17.0.31919.166
MinimumVisualStudioVersion = 10.0.40219.1
Project("{9A19103F-16F7-4668-BE54-9A1E7A4F7556}") = "Entra21", "Entra21\Entra21.csproj", "{CBB35C4F-1CBD-46EA-A94A-015A11D7830E}"
EndProject
Project("{9A19103F-16F7-4668-BE54-9A1E7A4F7556}") = "Exerciciowhile", "Exerciciowhile\Exerciciowhile.csproj", "{8CDC1872-1E8F-425F-A238-BFB6F89CC6A9}"
EndProject
Project("{9A19103F-16F7-4668-BE54-9A1E7A4F7556}") = "ExercicioFOR", "ExercicioFOR\ExercicioFOR.csproj", "{D583712B-6D03-4DDE-AF16-A44C8B89BA3A}"
EndProject
Project("{9A19103F-16F7-4668-BE54-9A1E7A4F7556}") = "ExerciciosVetor", "ExerciciosVetor\ExerciciosVetor.csproj", "{EA503557-82B8-433B-8708-48389F50A119}"
EndProject
Project("{2150E333-8FDC-42A3-9474-1A3956D46DE8}") = "ExercicioIf", "ExercicioIf", "{F81377CB-FAA4-45D9-9860-33C5DAA359C1}"
EndProject
Project("{2150E333-8FDC-42A3-9474-1A3956D46DE8}") = "ExercicioFor1", "ExercicioFor1", "{3BE4F5F3-6ED1-4B0A-B494-7F4E47D00F2D}"
EndProject
Project("{9A19103F-16F7-4668-BE54-9A1E7A4F7556}") = "Entra21ExemploOrientacaoObjeto", "Entra21ExemploOrientacaoObjeto\Entra21ExemploOrientacaoObjeto.csproj", "{BC33618F-8AE6-4863-9FAB-5E84342D57F0}"
EndProject
Project("{9A19103F-16F7-4668-BE54-9A1E7A4F7556}") = "Entra21ExemploOrientacaoObjeto.Tests", "Entra21ExemploOrientacaoObjeto.Tests\Entra21ExemploOrientacaoObjeto.Tests.csproj", "{D949EBB4-3032-495E-B921-C9B11F7FFB09}"
EndProject
Project("{9A19103F-16F7-4668-BE54-9A1E7A4F7556}") = "Entra21.ExerciciosOrientacaoObjeto", "ExercicioOrientacaoObjeto\Entra21.ExerciciosOrientacaoObjeto.csproj", "{3F163107-BDAE-44CA-A524-8FE15D1668B8}"
EndProject
Project("{9A19103F-16F7-4668-BE54-9A1E7A4F7556}") = "Entra21.ExerciciosOrientacaoObjeto.Tests", "Entra21.ExerciciosOrientacaoObjeto.Tests\Entra21.ExerciciosOrientacaoObjeto.Tests.csproj", "{18075A00-798C-4805-BAF6-9125F9F336EB}"
EndProject
Project("{9A19103F-16F7-4668-BE54-9A1E7A4F7556}") = "ExercicioLista", "ExercicioLista\ExercicioLista.csproj", "{BF526C13-EA90-40EE-A6FE-25F0195855EE}"
EndProject
Project("{9A19103F-16F7-4668-BE54-9A1E7A4F7556}") = "ExemploProdutoLista", "ExemploProdutoLista\ExemploProdutoLista.csproj", "{132DED9F-3169-4DBA-AAF6-B68545826B0A}"
EndProject
Project("{FAE04EC0-301F-11D3-BF4B-00C04F79EFBC}") = "ExercicioListaObejetos", "ExercicioListaObejetos\ExercicioListaObejetos.csproj", "{44AC7083-380A-49EF-B829-DB1FF4AAC4DA}"
EndProject
Global
	GlobalSection(SolutionConfigurationPlatforms) = preSolution
		Debug|Any CPU = Debug|Any CPU
		Release|Any CPU = Release|Any CPU
	EndGlobalSection
	GlobalSection(ProjectConfigurationPlatforms) = postSolution
		{CBB35C4F-1CBD-46EA-A94A-015A11D7830E}.Debug|Any CPU.ActiveCfg = Debug|Any CPU
		{CBB35C4F-1CBD-46EA-A94A-015A11D7830E}.Debug|Any CPU.Build.0 = Debug|Any CPU
		{CBB35C4F-1CBD-46EA-A94A-015A11D7830E}.Release|Any CPU.ActiveCfg = Release|Any CPU
		{CBB35C4F-1CBD-46EA-A94A-015A11D7830E}.Release|Any CPU.Build.0 = Release|Any CPU
		{8CDC1872-1E8F-425F-A238-BFB6F89CC6A9}.Debug|Any CPU.ActiveCfg = Debug|Any CPU
		{8CDC1872-1E8F-425F-A238-BFB6F89CC6A9}.Debug|Any CPU.Build.0 = Debug|Any CPU
		{8CDC1872-1E8F-425F-A238-BFB6F89CC6A9}.Release|Any CPU.ActiveCfg = Release|Any CPU
		{8CDC1872-1E8F-425F-A238-BFB6F89CC6A9}.Release|Any CPU.Build.0 = Release|Any CPU
		{D583712B-6D03-4DDE-AF16-A44C8B89BA3A}.Debug|Any CPU.ActiveCfg = Debug|Any CPU
		{D583712B-6D03-4DDE-AF16-A44C8B89BA3A}.Debug|Any CPU.Build.0 = Debug|Any CPU
		{D583712B-6D03-4DDE-AF16-A44C8B89BA3A}.Release|Any CPU.ActiveCfg = Release|Any CPU
		{D583712B-6D03-4DDE-AF16-A44C8B89BA3A}.Release|Any CPU.Build.0 = Release|Any CPU
		{EA503557-82B8-433B-8708-48389F50A119}.Debug|Any CPU.ActiveCfg = Debug|Any CPU
		{EA503557-82B8-433B-8708-48389F50A119}.Debug|Any CPU.Build.0 = Debug|Any CPU
		{EA503557-82B8-433B-8708-48389F50A119}.Release|Any CPU.ActiveCfg = Release|Any CPU
		{EA503557-82B8-433B-8708-48389F50A119}.Release|Any CPU.Build.0 = Release|Any CPU
		{BC33618F-8AE6-4863-9FAB-5E84342D57F0}.Debug|Any CPU.ActiveCfg = Debug|Any CPU
		{BC33618F-8AE6-4863-9FAB-5E84342D57F0}.Debug|Any CPU.Build.0 = Debug|Any CPU
		{BC33618F-8AE6-4863-9FAB-5E84342D57F0}.Release|Any CPU.ActiveCfg = Release|Any CPU
		{BC33618F-8AE6-4863-9FAB-5E84342D57F0}.Release|Any CPU.Build.0 = Release|Any CPU
		{D949EBB4-3032-495E-B921-C9B11F7FFB09}.Debug|Any CPU.ActiveCfg = Debug|Any CPU
		{D949EBB4-3032-495E-B921-C9B11F7FFB09}.Debug|Any CPU.Build.0 = Debug|Any CPU
		{D949EBB4-3032-495E-B921-C9B11F7FFB09}.Release|Any CPU.ActiveCfg = Release|Any CPU
		{D949EBB4-3032-495E-B921-C9B11F7FFB09}.Release|Any CPU.Build.0 = Release|Any CPU
		{3F163107-BDAE-44CA-A524-8FE15D1668B8}.Debug|Any CPU.ActiveCfg = Debug|Any CPU
		{3F163107-BDAE-44CA-A524-8FE15D1668B8}.Debug|Any CPU.Build.0 = Debug|Any CPU
		{3F163107-BDAE-44CA-A524-8FE15D1668B8}.Release|Any CPU.ActiveCfg = Release|Any CPU
		{3F163107-BDAE-44CA-A524-8FE15D1668B8}.Release|Any CPU.Build.0 = Release|Any CPU
		{18075A00-798C-4805-BAF6-9125F9F336EB}.Debug|Any CPU.ActiveCfg = Debug|Any CPU
		{18075A00-798C-4805-BAF6-9125F9F336EB}.Debug|Any CPU.Build.0 = Debug|Any CPU
		{18075A00-798C-4805-BAF6-9125F9F336EB}.Release|Any CPU.ActiveCfg = Release|Any CPU
		{18075A00-798C-4805-BAF6-9125F9F336EB}.Release|Any CPU.Build.0 = Release|Any CPU
		{BF526C13-EA90-40EE-A6FE-25F0195855EE}.Debug|Any CPU.ActiveCfg = Debug|Any CPU
		{BF526C13-EA90-40EE-A6FE-25F0195855EE}.Debug|Any CPU.Build.0 = Debug|Any CPU
		{BF526C13-EA90-40EE-A6FE-25F0195855EE}.Release|Any CPU.ActiveCfg = Release|Any CPU
		{BF526C13-EA90-40EE-A6FE-25F0195855EE}.Release|Any CPU.Build.0 = Release|Any CPU
		{132DED9F-3169-4DBA-AAF6-B68545826B0A}.Debug|Any CPU.ActiveCfg = Debug|Any CPU
		{132DED9F-3169-4DBA-AAF6-B68545826B0A}.Debug|Any CPU.Build.0 = Debug|Any CPU
		{132DED9F-3169-4DBA-AAF6-B68545826B0A}.Release|Any CPU.ActiveCfg = Release|Any CPU
		{132DED9F-3169-4DBA-AAF6-B68545826B0A}.Release|Any CPU.Build.0 = Release|Any CPU
		{44AC7083-380A-49EF-B829-DB1FF4AAC4DA}.Debug|Any CPU.ActiveCfg = Debug|Any CPU
		{44AC7083-380A-49EF-B829-DB1FF4AAC4DA}.Debug|Any CPU.Build.0 = Debug|Any CPU
		{44AC7083-380A-49EF-B829-DB1FF4AAC4DA}.Release|Any CPU.ActiveCfg = Release|Any CPU
		{44AC7083-380A-49EF-B829-DB1FF4AAC4DA}.Release|Any CPU.Build.0 = Release|Any CPU
	EndGlobalSection
	GlobalSection(SolutionProperties) = preSolution
		HideSolutionNode = FALSE
	EndGlobalSection
	GlobalSection(NestedProjects) = preSolution
		{CBB35C4F-1CBD-46EA-A94A-015A11D7830E} = {F81377CB-FAA4-45D9-9860-33C5DAA359C1}
		{D583712B-6D03-4DDE-AF16-A44C8B89BA3A} = {3BE4F5F3-6ED1-4B0A-B494-7F4E47D00F2D}
	EndGlobalSection
	GlobalSection(ExtensibilityGlobals) = postSolution
		SolutionGuid = {B271A744-45CE-4B51-88D2-19FB9938D597}
	EndGlobalSection
EndGlobal
